// !$*UTF8*$!
{
	archiveVersion = 1;
	classes = {
	};
	objectVersion = 50;
	objects = {

/* Begin PBXBuildFile section */
		05155C1FDD0002B81AD5DC3E /* Pods_player.framework in Frameworks */ = {isa = PBXBuildFile; fileRef = A3FAE50820BC71897370ACC9 /* Pods_player.framework */; };
		500A73133F8EA14B2B792A10 /* Pods_playerUITests.framework in Frameworks */ = {isa = PBXBuildFile; fileRef = DAABCDCB275684E7EF011BB8 /* Pods_playerUITests.framework */; };
		5B0311EC221F3246003A949A /* JSONYoutubeVideoItem.swift in Sources */ = {isa = PBXBuildFile; fileRef = 5B0311EB221F3246003A949A /* JSONYoutubeVideoItem.swift */; };
		5B047239221DF6970054F43A /* YoutubeApi.swift in Sources */ = {isa = PBXBuildFile; fileRef = 5B047238221DF6970054F43A /* YoutubeApi.swift */; };
		5B04D992221C979F00EE073C /* VideoItemTableViewCell.swift in Sources */ = {isa = PBXBuildFile; fileRef = 5B04D990221C979F00EE073C /* VideoItemTableViewCell.swift */; };
		5B04D993221C979F00EE073C /* VideoItemTableViewCell.xib in Resources */ = {isa = PBXBuildFile; fileRef = 5B04D991221C979F00EE073C /* VideoItemTableViewCell.xib */; };
		5B04D995221C9BDB00EE073C /* ModelYoutubeVideoInfo.swift in Sources */ = {isa = PBXBuildFile; fileRef = 5B04D994221C9BDB00EE073C /* ModelYoutubeVideoInfo.swift */; };
		5B04D998221CA44400EE073C /* YoutubePlayerViewController.swift in Sources */ = {isa = PBXBuildFile; fileRef = 5B04D997221CA44400EE073C /* YoutubePlayerViewController.swift */; };
		5B0689952223199E00A48A79 /* AudioListViewModel.swift in Sources */ = {isa = PBXBuildFile; fileRef = 5B0689942223199E00A48A79 /* AudioListViewModel.swift */; };
		5B068997222333CB00A48A79 /* AudioItemViewModel.swift in Sources */ = {isa = PBXBuildFile; fileRef = 5B068996222333CB00A48A79 /* AudioItemViewModel.swift */; };
		5B06899A2223349300A48A79 /* RadioStreamModel.swift in Sources */ = {isa = PBXBuildFile; fileRef = 5B0689992223349300A48A79 /* RadioStreamModel.swift */; };
		5B06899D2223356A00A48A79 /* AudioListViewModelMapper.swift in Sources */ = {isa = PBXBuildFile; fileRef = 5B06899C2223356A00A48A79 /* AudioListViewModelMapper.swift */; };
		5B06899F2223357500A48A79 /* AudioListViewModelMapperProtocol.swift in Sources */ = {isa = PBXBuildFile; fileRef = 5B06899E2223357500A48A79 /* AudioListViewModelMapperProtocol.swift */; };
		5B071A5922205EBD00BA7FA7 /* JSONYoutubeVideoList.swift in Sources */ = {isa = PBXBuildFile; fileRef = 5B071A5822205EBD00BA7FA7 /* JSONYoutubeVideoList.swift */; };
		5B075A5B2221E5BB00261961 /* YoutubeApiProtocol.swift in Sources */ = {isa = PBXBuildFile; fileRef = 5B075A5A2221E5BB00261961 /* YoutubeApiProtocol.swift */; };
		5B075A5D2221E5E200261961 /* VideoListDataProvider.swift in Sources */ = {isa = PBXBuildFile; fileRef = 5B075A5C2221E5E200261961 /* VideoListDataProvider.swift */; };
		5B075A5F2221E5F200261961 /* VideoListDataProviderProtocol.swift in Sources */ = {isa = PBXBuildFile; fileRef = 5B075A5E2221E5F200261961 /* VideoListDataProviderProtocol.swift */; };
		5B075A632221E72000261961 /* YoutubeNetworkMapper.swift in Sources */ = {isa = PBXBuildFile; fileRef = 5B075A622221E72000261961 /* YoutubeNetworkMapper.swift */; };
		5B075A652221E7E800261961 /* YoutubeNetworkMapperProtocol.swift in Sources */ = {isa = PBXBuildFile; fileRef = 5B075A642221E7E800261961 /* YoutubeNetworkMapperProtocol.swift */; };
		5B075A682221EC0900261961 /* DIResolver.swift in Sources */ = {isa = PBXBuildFile; fileRef = 5B075A672221EC0900261961 /* DIResolver.swift */; };
		5B075A6B2221EE5200261961 /* RadioStreamsProvider.swift in Sources */ = {isa = PBXBuildFile; fileRef = 5B075A6A2221EE5200261961 /* RadioStreamsProvider.swift */; };
		5B075A6D2221EE5F00261961 /* RadioStreamsProviderProtocol.swift in Sources */ = {isa = PBXBuildFile; fileRef = 5B075A6C2221EE5F00261961 /* RadioStreamsProviderProtocol.swift */; };
		5B075A6F2221EEE600261961 /* VideoListViewModel.swift in Sources */ = {isa = PBXBuildFile; fileRef = 5B075A6E2221EEE600261961 /* VideoListViewModel.swift */; };
		5B156CEA222B2DDD00B61817 /* YoutubeViewModel.swift in Sources */ = {isa = PBXBuildFile; fileRef = 5B156CE9222B2DDD00B61817 /* YoutubeViewModel.swift */; };
		5B1781322218911B000758E4 /* Localizable.strings in Resources */ = {isa = PBXBuildFile; fileRef = 5B1781342218911B000758E4 /* Localizable.strings */; };
		5B17813922189382000758E4 /* AudioViewController.swift in Sources */ = {isa = PBXBuildFile; fileRef = 5B17813822189382000758E4 /* AudioViewController.swift */; };
		5B17813B22189399000758E4 /* VideoViewController.swift in Sources */ = {isa = PBXBuildFile; fileRef = 5B17813A22189399000758E4 /* VideoViewController.swift */; };
		5B17813D22189831000758E4 /* AudioViewController.xib in Resources */ = {isa = PBXBuildFile; fileRef = 5B17813C22189831000758E4 /* AudioViewController.xib */; };
		5B17814122189DE1000758E4 /* VideoViewController.xib in Resources */ = {isa = PBXBuildFile; fileRef = 5B17814022189DE1000758E4 /* VideoViewController.xib */; };
		5B1781442218A3CB000758E4 /* AudioItemTableViewCell.swift in Sources */ = {isa = PBXBuildFile; fileRef = 5B1781432218A3CB000758E4 /* AudioItemTableViewCell.swift */; };
		5B1781462218A3E4000758E4 /* AudioItemTableViewCell.xib in Resources */ = {isa = PBXBuildFile; fileRef = 5B1781452218A3E4000758E4 /* AudioItemTableViewCell.xib */; };
		5B93669F2215D79B00539965 /* AppDelegate.swift in Sources */ = {isa = PBXBuildFile; fileRef = 5B93669E2215D79B00539965 /* AppDelegate.swift */; };
		5B9366A12215D79B00539965 /* ViewController.swift in Sources */ = {isa = PBXBuildFile; fileRef = 5B9366A02215D79B00539965 /* ViewController.swift */; };
		5B9366A42215D79B00539965 /* Main.storyboard in Resources */ = {isa = PBXBuildFile; fileRef = 5B9366A22215D79B00539965 /* Main.storyboard */; };
		5B9366A62215D79E00539965 /* Assets.xcassets in Resources */ = {isa = PBXBuildFile; fileRef = 5B9366A52215D79E00539965 /* Assets.xcassets */; };
		5B9366A92215D79E00539965 /* LaunchScreen.storyboard in Resources */ = {isa = PBXBuildFile; fileRef = 5B9366A72215D79E00539965 /* LaunchScreen.storyboard */; };
		5B9366B42215D79E00539965 /* playerTests.swift in Sources */ = {isa = PBXBuildFile; fileRef = 5B9366B32215D79E00539965 /* playerTests.swift */; };
		5B9366BF2215D79E00539965 /* playerUITests.swift in Sources */ = {isa = PBXBuildFile; fileRef = 5B9366BE2215D79E00539965 /* playerUITests.swift */; };
		5BFE03EA2219A0C20009F0C8 /* StreamPlayer.swift in Sources */ = {isa = PBXBuildFile; fileRef = 5BFE03E92219A0C20009F0C8 /* StreamPlayer.swift */; };
		5BFE4DF72222A8CA00F7157C /* VideoItemViewModel.swift in Sources */ = {isa = PBXBuildFile; fileRef = 5BFE4DF62222A8CA00F7157C /* VideoItemViewModel.swift */; };
		5BFE4DFB2222A9CF00F7157C /* VideoListViewModelMapper.swift in Sources */ = {isa = PBXBuildFile; fileRef = 5BFE4DFA2222A9CF00F7157C /* VideoListViewModelMapper.swift */; };
		5BFE4DFD2222A9DF00F7157C /* VideoListViewModelMapperProtocol.swift in Sources */ = {isa = PBXBuildFile; fileRef = 5BFE4DFC2222A9DF00F7157C /* VideoListViewModelMapperProtocol.swift */; };
		5BFE4DFF2222BF8000F7157C /* BaseViewController.swift in Sources */ = {isa = PBXBuildFile; fileRef = 5BFE4DFE2222BF8000F7157C /* BaseViewController.swift */; };
		5BFE6CBE222C4C91008656F1 /* YoutubeVideoProvider.swift in Sources */ = {isa = PBXBuildFile; fileRef = 5BFE6CBD222C4C91008656F1 /* YoutubeVideoProvider.swift */; };
		5BFE6CC0222C4E83008656F1 /* YoutubeVideoProviderProtocol.swift in Sources */ = {isa = PBXBuildFile; fileRef = 5BFE6CBF222C4E83008656F1 /* YoutubeVideoProviderProtocol.swift */; };
		5BFEE685221D14A800E00809 /* YoutubePlayerViewController.xib in Resources */ = {isa = PBXBuildFile; fileRef = 5BFEE684221D14A800E00809 /* YoutubePlayerViewController.xib */; };
		8DDCA93CC89FADE6C806B614 /* Pods_playerTests.framework in Frameworks */ = {isa = PBXBuildFile; fileRef = 4FB600A0616075D59707293B /* Pods_playerTests.framework */; };
/* End PBXBuildFile section */

/* Begin PBXContainerItemProxy section */
		5B9366B02215D79E00539965 /* PBXContainerItemProxy */ = {
			isa = PBXContainerItemProxy;
			containerPortal = 5B9366932215D79B00539965 /* Project object */;
			proxyType = 1;
			remoteGlobalIDString = 5B93669A2215D79B00539965;
			remoteInfo = player;
		};
		5B9366BB2215D79E00539965 /* PBXContainerItemProxy */ = {
			isa = PBXContainerItemProxy;
			containerPortal = 5B9366932215D79B00539965 /* Project object */;
			proxyType = 1;
			remoteGlobalIDString = 5B93669A2215D79B00539965;
			remoteInfo = player;
		};
/* End PBXContainerItemProxy section */

/* Begin PBXFileReference section */
		3985A28A8F54C6CFBF289FBB /* Pods-playerTests.release.xcconfig */ = {isa = PBXFileReference; includeInIndex = 1; lastKnownFileType = text.xcconfig; name = "Pods-playerTests.release.xcconfig"; path = "Pods/Target Support Files/Pods-playerTests/Pods-playerTests.release.xcconfig"; sourceTree = "<group>"; };
		4F8A2F5727AA9955A3215C51 /* Pods-playerTests.debug.xcconfig */ = {isa = PBXFileReference; includeInIndex = 1; lastKnownFileType = text.xcconfig; name = "Pods-playerTests.debug.xcconfig"; path = "Pods/Target Support Files/Pods-playerTests/Pods-playerTests.debug.xcconfig"; sourceTree = "<group>"; };
		4FB600A0616075D59707293B /* Pods_playerTests.framework */ = {isa = PBXFileReference; explicitFileType = wrapper.framework; includeInIndex = 0; path = Pods_playerTests.framework; sourceTree = BUILT_PRODUCTS_DIR; };
		5B0311EB221F3246003A949A /* JSONYoutubeVideoItem.swift */ = {isa = PBXFileReference; lastKnownFileType = sourcecode.swift; path = JSONYoutubeVideoItem.swift; sourceTree = "<group>"; };
		5B047238221DF6970054F43A /* YoutubeApi.swift */ = {isa = PBXFileReference; lastKnownFileType = sourcecode.swift; path = YoutubeApi.swift; sourceTree = "<group>"; };
		5B04D990221C979F00EE073C /* VideoItemTableViewCell.swift */ = {isa = PBXFileReference; lastKnownFileType = sourcecode.swift; path = VideoItemTableViewCell.swift; sourceTree = "<group>"; };
		5B04D991221C979F00EE073C /* VideoItemTableViewCell.xib */ = {isa = PBXFileReference; lastKnownFileType = file.xib; path = VideoItemTableViewCell.xib; sourceTree = "<group>"; };
		5B04D994221C9BDB00EE073C /* ModelYoutubeVideoInfo.swift */ = {isa = PBXFileReference; lastKnownFileType = sourcecode.swift; path = ModelYoutubeVideoInfo.swift; sourceTree = "<group>"; };
		5B04D997221CA44400EE073C /* YoutubePlayerViewController.swift */ = {isa = PBXFileReference; lastKnownFileType = sourcecode.swift; path = YoutubePlayerViewController.swift; sourceTree = "<group>"; };
		5B0689942223199E00A48A79 /* AudioListViewModel.swift */ = {isa = PBXFileReference; lastKnownFileType = sourcecode.swift; path = AudioListViewModel.swift; sourceTree = "<group>"; };
		5B068996222333CB00A48A79 /* AudioItemViewModel.swift */ = {isa = PBXFileReference; lastKnownFileType = sourcecode.swift; path = AudioItemViewModel.swift; sourceTree = "<group>"; };
		5B0689992223349300A48A79 /* RadioStreamModel.swift */ = {isa = PBXFileReference; lastKnownFileType = sourcecode.swift; path = RadioStreamModel.swift; sourceTree = "<group>"; };
		5B06899C2223356A00A48A79 /* AudioListViewModelMapper.swift */ = {isa = PBXFileReference; lastKnownFileType = sourcecode.swift; path = AudioListViewModelMapper.swift; sourceTree = "<group>"; };
		5B06899E2223357500A48A79 /* AudioListViewModelMapperProtocol.swift */ = {isa = PBXFileReference; lastKnownFileType = sourcecode.swift; path = AudioListViewModelMapperProtocol.swift; sourceTree = "<group>"; };
		5B071A5822205EBD00BA7FA7 /* JSONYoutubeVideoList.swift */ = {isa = PBXFileReference; lastKnownFileType = sourcecode.swift; path = JSONYoutubeVideoList.swift; sourceTree = "<group>"; };
		5B075A522221D71B00261961 /* XCDYouTubeKit.framework */ = {isa = PBXFileReference; explicitFileType = wrapper.framework; path = XCDYouTubeKit.framework; sourceTree = BUILT_PRODUCTS_DIR; };
		5B075A542221DEF600261961 /* libXCDYouTubeKit.a */ = {isa = PBXFileReference; explicitFileType = archive.ar; path = libXCDYouTubeKit.a; sourceTree = BUILT_PRODUCTS_DIR; };
		5B075A562221DEFB00261961 /* libSDWebImage.a */ = {isa = PBXFileReference; explicitFileType = archive.ar; path = libSDWebImage.a; sourceTree = BUILT_PRODUCTS_DIR; };
		5B075A5A2221E5BB00261961 /* YoutubeApiProtocol.swift */ = {isa = PBXFileReference; lastKnownFileType = sourcecode.swift; path = YoutubeApiProtocol.swift; sourceTree = "<group>"; };
		5B075A5C2221E5E200261961 /* VideoListDataProvider.swift */ = {isa = PBXFileReference; lastKnownFileType = sourcecode.swift; path = VideoListDataProvider.swift; sourceTree = "<group>"; };
		5B075A5E2221E5F200261961 /* VideoListDataProviderProtocol.swift */ = {isa = PBXFileReference; lastKnownFileType = sourcecode.swift; path = VideoListDataProviderProtocol.swift; sourceTree = "<group>"; };
		5B075A622221E72000261961 /* YoutubeNetworkMapper.swift */ = {isa = PBXFileReference; lastKnownFileType = sourcecode.swift; path = YoutubeNetworkMapper.swift; sourceTree = "<group>"; };
		5B075A642221E7E800261961 /* YoutubeNetworkMapperProtocol.swift */ = {isa = PBXFileReference; lastKnownFileType = sourcecode.swift; path = YoutubeNetworkMapperProtocol.swift; sourceTree = "<group>"; };
		5B075A672221EC0900261961 /* DIResolver.swift */ = {isa = PBXFileReference; lastKnownFileType = sourcecode.swift; path = DIResolver.swift; sourceTree = "<group>"; };
		5B075A6A2221EE5200261961 /* RadioStreamsProvider.swift */ = {isa = PBXFileReference; lastKnownFileType = sourcecode.swift; path = RadioStreamsProvider.swift; sourceTree = "<group>"; };
		5B075A6C2221EE5F00261961 /* RadioStreamsProviderProtocol.swift */ = {isa = PBXFileReference; lastKnownFileType = sourcecode.swift; path = RadioStreamsProviderProtocol.swift; sourceTree = "<group>"; };
		5B075A6E2221EEE600261961 /* VideoListViewModel.swift */ = {isa = PBXFileReference; lastKnownFileType = sourcecode.swift; path = VideoListViewModel.swift; sourceTree = "<group>"; };
		5B156CE9222B2DDD00B61817 /* YoutubeViewModel.swift */ = {isa = PBXFileReference; lastKnownFileType = sourcecode.swift; path = YoutubeViewModel.swift; sourceTree = "<group>"; };
		5B1781352218915C000758E4 /* ru */ = {isa = PBXFileReference; lastKnownFileType = text.plist.strings; name = ru; path = ru.lproj/Main.strings; sourceTree = "<group>"; };
		5B1781362218915C000758E4 /* ru */ = {isa = PBXFileReference; lastKnownFileType = text.plist.strings; name = ru; path = ru.lproj/LaunchScreen.strings; sourceTree = "<group>"; };
		5B1781372218915C000758E4 /* ru */ = {isa = PBXFileReference; lastKnownFileType = text.plist.strings; name = ru; path = ru.lproj/Localizable.strings; sourceTree = "<group>"; };
		5B17813822189382000758E4 /* AudioViewController.swift */ = {isa = PBXFileReference; lastKnownFileType = sourcecode.swift; path = AudioViewController.swift; sourceTree = "<group>"; };
		5B17813A22189399000758E4 /* VideoViewController.swift */ = {isa = PBXFileReference; lastKnownFileType = sourcecode.swift; path = VideoViewController.swift; sourceTree = "<group>"; };
		5B17813C22189831000758E4 /* AudioViewController.xib */ = {isa = PBXFileReference; lastKnownFileType = file.xib; path = AudioViewController.xib; sourceTree = "<group>"; };
		5B17814022189DE1000758E4 /* VideoViewController.xib */ = {isa = PBXFileReference; lastKnownFileType = file.xib; path = VideoViewController.xib; sourceTree = "<group>"; };
		5B1781432218A3CB000758E4 /* AudioItemTableViewCell.swift */ = {isa = PBXFileReference; lastKnownFileType = sourcecode.swift; path = AudioItemTableViewCell.swift; sourceTree = "<group>"; };
		5B1781452218A3E4000758E4 /* AudioItemTableViewCell.xib */ = {isa = PBXFileReference; lastKnownFileType = file.xib; path = AudioItemTableViewCell.xib; sourceTree = "<group>"; };
		5B93669B2215D79B00539965 /* player.app */ = {isa = PBXFileReference; explicitFileType = wrapper.application; includeInIndex = 0; path = player.app; sourceTree = BUILT_PRODUCTS_DIR; };
		5B93669E2215D79B00539965 /* AppDelegate.swift */ = {isa = PBXFileReference; lastKnownFileType = sourcecode.swift; path = AppDelegate.swift; sourceTree = "<group>"; };
		5B9366A02215D79B00539965 /* ViewController.swift */ = {isa = PBXFileReference; lastKnownFileType = sourcecode.swift; path = ViewController.swift; sourceTree = "<group>"; };
		5B9366A32215D79B00539965 /* Base */ = {isa = PBXFileReference; lastKnownFileType = file.storyboard; name = Base; path = Base.lproj/Main.storyboard; sourceTree = "<group>"; };
		5B9366A52215D79E00539965 /* Assets.xcassets */ = {isa = PBXFileReference; lastKnownFileType = folder.assetcatalog; path = Assets.xcassets; sourceTree = "<group>"; };
		5B9366A82215D79E00539965 /* Base */ = {isa = PBXFileReference; lastKnownFileType = file.storyboard; name = Base; path = Base.lproj/LaunchScreen.storyboard; sourceTree = "<group>"; };
		5B9366AA2215D79E00539965 /* Info.plist */ = {isa = PBXFileReference; lastKnownFileType = text.plist.xml; path = Info.plist; sourceTree = "<group>"; };
		5B9366AF2215D79E00539965 /* playerTests.xctest */ = {isa = PBXFileReference; explicitFileType = wrapper.cfbundle; includeInIndex = 0; path = playerTests.xctest; sourceTree = BUILT_PRODUCTS_DIR; };
		5B9366B32215D79E00539965 /* playerTests.swift */ = {isa = PBXFileReference; lastKnownFileType = sourcecode.swift; path = playerTests.swift; sourceTree = "<group>"; };
		5B9366B52215D79E00539965 /* Info.plist */ = {isa = PBXFileReference; lastKnownFileType = text.plist.xml; path = Info.plist; sourceTree = "<group>"; };
		5B9366BA2215D79E00539965 /* playerUITests.xctest */ = {isa = PBXFileReference; explicitFileType = wrapper.cfbundle; includeInIndex = 0; path = playerUITests.xctest; sourceTree = BUILT_PRODUCTS_DIR; };
		5B9366BE2215D79E00539965 /* playerUITests.swift */ = {isa = PBXFileReference; lastKnownFileType = sourcecode.swift; path = playerUITests.swift; sourceTree = "<group>"; };
		5B9366C02215D79E00539965 /* Info.plist */ = {isa = PBXFileReference; lastKnownFileType = text.plist.xml; path = Info.plist; sourceTree = "<group>"; };
		5BA9C1C9222725D600442B96 /* Base */ = {isa = PBXFileReference; lastKnownFileType = text.plist.strings; name = Base; path = Base.lproj/Localizable.strings; sourceTree = "<group>"; };
		5BFE03E92219A0C20009F0C8 /* StreamPlayer.swift */ = {isa = PBXFileReference; lastKnownFileType = sourcecode.swift; path = StreamPlayer.swift; sourceTree = "<group>"; };
		5BFE4DF62222A8CA00F7157C /* VideoItemViewModel.swift */ = {isa = PBXFileReference; lastKnownFileType = sourcecode.swift; path = VideoItemViewModel.swift; sourceTree = "<group>"; };
		5BFE4DFA2222A9CF00F7157C /* VideoListViewModelMapper.swift */ = {isa = PBXFileReference; lastKnownFileType = sourcecode.swift; path = VideoListViewModelMapper.swift; sourceTree = "<group>"; };
		5BFE4DFC2222A9DF00F7157C /* VideoListViewModelMapperProtocol.swift */ = {isa = PBXFileReference; lastKnownFileType = sourcecode.swift; path = VideoListViewModelMapperProtocol.swift; sourceTree = "<group>"; };
		5BFE4DFE2222BF8000F7157C /* BaseViewController.swift */ = {isa = PBXFileReference; lastKnownFileType = sourcecode.swift; path = BaseViewController.swift; sourceTree = "<group>"; };
		5BFE6CBD222C4C91008656F1 /* YoutubeVideoProvider.swift */ = {isa = PBXFileReference; lastKnownFileType = sourcecode.swift; path = YoutubeVideoProvider.swift; sourceTree = "<group>"; };
		5BFE6CBF222C4E83008656F1 /* YoutubeVideoProviderProtocol.swift */ = {isa = PBXFileReference; lastKnownFileType = sourcecode.swift; path = YoutubeVideoProviderProtocol.swift; sourceTree = "<group>"; };
		5BFEE684221D14A800E00809 /* YoutubePlayerViewController.xib */ = {isa = PBXFileReference; lastKnownFileType = file.xib; path = YoutubePlayerViewController.xib; sourceTree = "<group>"; };
		85304F0F137AC68AD4E6564E /* Pods-playerUITests.release.xcconfig */ = {isa = PBXFileReference; includeInIndex = 1; lastKnownFileType = text.xcconfig; name = "Pods-playerUITests.release.xcconfig"; path = "Pods/Target Support Files/Pods-playerUITests/Pods-playerUITests.release.xcconfig"; sourceTree = "<group>"; };
		8F96E7E937864C1154E1C6B6 /* Pods-playerUITests.debug.xcconfig */ = {isa = PBXFileReference; includeInIndex = 1; lastKnownFileType = text.xcconfig; name = "Pods-playerUITests.debug.xcconfig"; path = "Pods/Target Support Files/Pods-playerUITests/Pods-playerUITests.debug.xcconfig"; sourceTree = "<group>"; };
		A3FAE50820BC71897370ACC9 /* Pods_player.framework */ = {isa = PBXFileReference; explicitFileType = wrapper.framework; includeInIndex = 0; path = Pods_player.framework; sourceTree = BUILT_PRODUCTS_DIR; };
		A67C5B3C387F30984148935E /* Pods-player.release.xcconfig */ = {isa = PBXFileReference; includeInIndex = 1; lastKnownFileType = text.xcconfig; name = "Pods-player.release.xcconfig"; path = "Pods/Target Support Files/Pods-player/Pods-player.release.xcconfig"; sourceTree = "<group>"; };
		DAABCDCB275684E7EF011BB8 /* Pods_playerUITests.framework */ = {isa = PBXFileReference; explicitFileType = wrapper.framework; includeInIndex = 0; path = Pods_playerUITests.framework; sourceTree = BUILT_PRODUCTS_DIR; };
		E0B42F52D51548CCD83C51A3 /* Pods-player.debug.xcconfig */ = {isa = PBXFileReference; includeInIndex = 1; lastKnownFileType = text.xcconfig; name = "Pods-player.debug.xcconfig"; path = "Pods/Target Support Files/Pods-player/Pods-player.debug.xcconfig"; sourceTree = "<group>"; };
/* End PBXFileReference section */

/* Begin PBXFrameworksBuildPhase section */
		5B9366982215D79B00539965 /* Frameworks */ = {
			isa = PBXFrameworksBuildPhase;
			buildActionMask = 2147483647;
			files = (
				05155C1FDD0002B81AD5DC3E /* Pods_player.framework in Frameworks */,
			);
			runOnlyForDeploymentPostprocessing = 0;
		};
		5B9366AC2215D79E00539965 /* Frameworks */ = {
			isa = PBXFrameworksBuildPhase;
			buildActionMask = 2147483647;
			files = (
				8DDCA93CC89FADE6C806B614 /* Pods_playerTests.framework in Frameworks */,
			);
			runOnlyForDeploymentPostprocessing = 0;
		};
		5B9366B72215D79E00539965 /* Frameworks */ = {
			isa = PBXFrameworksBuildPhase;
			buildActionMask = 2147483647;
			files = (
				500A73133F8EA14B2B792A10 /* Pods_playerUITests.framework in Frameworks */,
			);
			runOnlyForDeploymentPostprocessing = 0;
		};
/* End PBXFrameworksBuildPhase section */

/* Begin PBXGroup section */
		5B04D98F221C978100EE073C /* cell */ = {
			isa = PBXGroup;
			children = (
				5B04D990221C979F00EE073C /* VideoItemTableViewCell.swift */,
				5B04D991221C979F00EE073C /* VideoItemTableViewCell.xib */,
			);
			path = cell;
			sourceTree = "<group>";
		};
		5B04D996221CA42A00EE073C /* player */ = {
			isa = PBXGroup;
			children = (
				5B156CE8222B2DC600B61817 /* viewModel */,
				5B04D997221CA44400EE073C /* YoutubePlayerViewController.swift */,
				5BFEE684221D14A800E00809 /* YoutubePlayerViewController.xib */,
			);
			path = player;
			sourceTree = "<group>";
		};
		5B0689932223198C00A48A79 /* viewModel */ = {
			isa = PBXGroup;
			children = (
				5B0689942223199E00A48A79 /* AudioListViewModel.swift */,
				5B068996222333CB00A48A79 /* AudioItemViewModel.swift */,
			);
			path = viewModel;
			sourceTree = "<group>";
		};
		5B0689982223347700A48A79 /* models */ = {
			isa = PBXGroup;
			children = (
				5B0689992223349300A48A79 /* RadioStreamModel.swift */,
			);
			path = models;
			sourceTree = "<group>";
		};
		5B075A582221E59200261961 /* network */ = {
			isa = PBXGroup;
			children = (
				5B075A592221E5A500261961 /* response */,
				5B047238221DF6970054F43A /* YoutubeApi.swift */,
				5B075A5A2221E5BB00261961 /* YoutubeApiProtocol.swift */,
			);
			path = network;
			sourceTree = "<group>";
		};
		5B075A592221E5A500261961 /* response */ = {
			isa = PBXGroup;
			children = (
				5B0311EB221F3246003A949A /* JSONYoutubeVideoItem.swift */,
				5B071A5822205EBD00BA7FA7 /* JSONYoutubeVideoList.swift */,
			);
			path = response;
			sourceTree = "<group>";
		};
		5B075A602221E70200261961 /* models */ = {
			isa = PBXGroup;
			children = (
				5B04D994221C9BDB00EE073C /* ModelYoutubeVideoInfo.swift */,
			);
			path = models;
			sourceTree = "<group>";
		};
		5B075A662221EBDD00261961 /* di */ = {
			isa = PBXGroup;
			children = (
				5B075A672221EC0900261961 /* DIResolver.swift */,
			);
			path = di;
			sourceTree = "<group>";
		};
		5B075A692221EE4300261961 /* audio */ = {
			isa = PBXGroup;
			children = (
				5B0689982223347700A48A79 /* models */,
				5B075A6A2221EE5200261961 /* RadioStreamsProvider.swift */,
				5B075A6C2221EE5F00261961 /* RadioStreamsProviderProtocol.swift */,
			);
			path = audio;
			sourceTree = "<group>";
		};
		5B156CE3222AF9CE00B61817 /* domain */ = {
			isa = PBXGroup;
			children = (
				5BFE6CB8222C30E9008656F1 /* video */,
				5B156CE7222AFAD900B61817 /* player */,
				5B156CE4222AFA6E00B61817 /* view mapper */,
			);
			path = domain;
			sourceTree = "<group>";
		};
		5B156CE4222AFA6E00B61817 /* view mapper */ = {
			isa = PBXGroup;
			children = (
				5B156CE6222AFA9200B61817 /* audio */,
				5B156CE5222AFA8C00B61817 /* video */,
			);
			path = "view mapper";
			sourceTree = "<group>";
		};
		5B156CE5222AFA8C00B61817 /* video */ = {
			isa = PBXGroup;
			children = (
				5BFE4DFA2222A9CF00F7157C /* VideoListViewModelMapper.swift */,
				5BFE4DFC2222A9DF00F7157C /* VideoListViewModelMapperProtocol.swift */,
			);
			path = video;
			sourceTree = "<group>";
		};
		5B156CE6222AFA9200B61817 /* audio */ = {
			isa = PBXGroup;
			children = (
				5B06899C2223356A00A48A79 /* AudioListViewModelMapper.swift */,
				5B06899E2223357500A48A79 /* AudioListViewModelMapperProtocol.swift */,
			);
			path = audio;
			sourceTree = "<group>";
		};
		5B156CE7222AFAD900B61817 /* player */ = {
			isa = PBXGroup;
			children = (
				5BFE03E92219A0C20009F0C8 /* StreamPlayer.swift */,
			);
			path = player;
			sourceTree = "<group>";
		};
		5B156CE8222B2DC600B61817 /* viewModel */ = {
			isa = PBXGroup;
			children = (
				5B156CE9222B2DDD00B61817 /* YoutubeViewModel.swift */,
			);
			path = viewModel;
			sourceTree = "<group>";
		};
		5B17812F2218872C000758E4 /* view */ = {
			isa = PBXGroup;
			children = (
				5B04D996221CA42A00EE073C /* player */,
				5B17813F22189BEB000758E4 /* video */,
				5B17813E22189BE5000758E4 /* audio */,
				5B9366A02215D79B00539965 /* ViewController.swift */,
				5B9366A22215D79B00539965 /* Main.storyboard */,
				5BFE4DFE2222BF8000F7157C /* BaseViewController.swift */,
			);
			path = view;
			sourceTree = "<group>";
		};
		5B17813E22189BE5000758E4 /* audio */ = {
			isa = PBXGroup;
			children = (
				5B0689932223198C00A48A79 /* viewModel */,
				5B1781422218A39D000758E4 /* cell */,
				5B17813822189382000758E4 /* AudioViewController.swift */,
				5B17813C22189831000758E4 /* AudioViewController.xib */,
			);
			path = audio;
			sourceTree = "<group>";
		};
		5B17813F22189BEB000758E4 /* video */ = {
			isa = PBXGroup;
			children = (
				5BFE4DF52222A8B900F7157C /* viewModel */,
				5B04D98F221C978100EE073C /* cell */,
				5B17813A22189399000758E4 /* VideoViewController.swift */,
				5B17814022189DE1000758E4 /* VideoViewController.xib */,
			);
			path = video;
			sourceTree = "<group>";
		};
		5B1781422218A39D000758E4 /* cell */ = {
			isa = PBXGroup;
			children = (
				5B1781432218A3CB000758E4 /* AudioItemTableViewCell.swift */,
				5B1781452218A3E4000758E4 /* AudioItemTableViewCell.xib */,
			);
			path = cell;
			sourceTree = "<group>";
		};
		5B9366922215D79B00539965 = {
			isa = PBXGroup;
			children = (
				5B93669D2215D79B00539965 /* player */,
				5B9366B22215D79E00539965 /* playerTests */,
				5B9366BD2215D79E00539965 /* playerUITests */,
				5B93669C2215D79B00539965 /* Products */,
				75E3A0B7FF5B707B815966E1 /* Pods */,
				AF8E63B02B1CCAD6CCEEF415 /* Frameworks */,
			);
			sourceTree = "<group>";
		};
		5B93669C2215D79B00539965 /* Products */ = {
			isa = PBXGroup;
			children = (
				5B93669B2215D79B00539965 /* player.app */,
				5B9366AF2215D79E00539965 /* playerTests.xctest */,
				5B9366BA2215D79E00539965 /* playerUITests.xctest */,
			);
			name = Products;
			sourceTree = "<group>";
		};
		5B93669D2215D79B00539965 /* player */ = {
			isa = PBXGroup;
			children = (
				5B075A662221EBDD00261961 /* di */,
				5BFE03EB2219F3AA0009F0C8 /* data */,
				5B156CE3222AF9CE00B61817 /* domain */,
				5B17812F2218872C000758E4 /* view */,
				5B93669E2215D79B00539965 /* AppDelegate.swift */,
				5B9366A52215D79E00539965 /* Assets.xcassets */,
				5B9366A72215D79E00539965 /* LaunchScreen.storyboard */,
				5B9366AA2215D79E00539965 /* Info.plist */,
				5B1781342218911B000758E4 /* Localizable.strings */,
			);
			path = player;
			sourceTree = "<group>";
		};
		5B9366B22215D79E00539965 /* playerTests */ = {
			isa = PBXGroup;
			children = (
				5B9366B32215D79E00539965 /* playerTests.swift */,
				5B9366B52215D79E00539965 /* Info.plist */,
			);
			path = playerTests;
			sourceTree = "<group>";
		};
		5B9366BD2215D79E00539965 /* playerUITests */ = {
			isa = PBXGroup;
			children = (
				5B9366BE2215D79E00539965 /* playerUITests.swift */,
				5B9366C02215D79E00539965 /* Info.plist */,
			);
			path = playerUITests;
			sourceTree = "<group>";
		};
		5BFE03EB2219F3AA0009F0C8 /* data */ = {
			isa = PBXGroup;
			children = (
				5BFE6CBC222C4C7B008656F1 /* youtube */,
				5BFE6CBA222C4B7C008656F1 /* video */,
				5B075A692221EE4300261961 /* audio */,
			);
			path = data;
			sourceTree = "<group>";
		};
		5BFE4DF52222A8B900F7157C /* viewModel */ = {
			isa = PBXGroup;
			children = (
				5B075A6E2221EEE600261961 /* VideoListViewModel.swift */,
				5BFE4DF62222A8CA00F7157C /* VideoItemViewModel.swift */,
			);
			path = viewModel;
			sourceTree = "<group>";
		};
		5BFE6CB8222C30E9008656F1 /* video */ = {
			isa = PBXGroup;
			children = (
				5BFE6CB9222C30F5008656F1 /* mapper */,
			);
			path = video;
			sourceTree = "<group>";
		};
		5BFE6CB9222C30F5008656F1 /* mapper */ = {
			isa = PBXGroup;
			children = (
				5B075A622221E72000261961 /* YoutubeNetworkMapper.swift */,
				5B075A642221E7E800261961 /* YoutubeNetworkMapperProtocol.swift */,
			);
			path = mapper;
			sourceTree = "<group>";
		};
		5BFE6CBA222C4B7C008656F1 /* video */ = {
			isa = PBXGroup;
			children = (
				5B075A602221E70200261961 /* models */,
				5B075A582221E59200261961 /* network */,
				5B075A5C2221E5E200261961 /* VideoListDataProvider.swift */,
				5B075A5E2221E5F200261961 /* VideoListDataProviderProtocol.swift */,
			);
			path = video;
			sourceTree = "<group>";
		};
		5BFE6CBC222C4C7B008656F1 /* youtube */ = {
			isa = PBXGroup;
			children = (
				5BFE6CBD222C4C91008656F1 /* YoutubeVideoProvider.swift */,
				5BFE6CBF222C4E83008656F1 /* YoutubeVideoProviderProtocol.swift */,
			);
			path = youtube;
			sourceTree = "<group>";
		};
		75E3A0B7FF5B707B815966E1 /* Pods */ = {
			isa = PBXGroup;
			children = (
				E0B42F52D51548CCD83C51A3 /* Pods-player.debug.xcconfig */,
				A67C5B3C387F30984148935E /* Pods-player.release.xcconfig */,
				4F8A2F5727AA9955A3215C51 /* Pods-playerTests.debug.xcconfig */,
				3985A28A8F54C6CFBF289FBB /* Pods-playerTests.release.xcconfig */,
				8F96E7E937864C1154E1C6B6 /* Pods-playerUITests.debug.xcconfig */,
				85304F0F137AC68AD4E6564E /* Pods-playerUITests.release.xcconfig */,
			);
			name = Pods;
			sourceTree = "<group>";
		};
		AF8E63B02B1CCAD6CCEEF415 /* Frameworks */ = {
			isa = PBXGroup;
			children = (
				5B075A562221DEFB00261961 /* libSDWebImage.a */,
				5B075A542221DEF600261961 /* libXCDYouTubeKit.a */,
				5B075A522221D71B00261961 /* XCDYouTubeKit.framework */,
				A3FAE50820BC71897370ACC9 /* Pods_player.framework */,
				4FB600A0616075D59707293B /* Pods_playerTests.framework */,
				DAABCDCB275684E7EF011BB8 /* Pods_playerUITests.framework */,
			);
			name = Frameworks;
			sourceTree = "<group>";
		};
/* End PBXGroup section */

/* Begin PBXNativeTarget section */
		5B93669A2215D79B00539965 /* player */ = {
			isa = PBXNativeTarget;
			buildConfigurationList = 5B9366C32215D79E00539965 /* Build configuration list for PBXNativeTarget "player" */;
			buildPhases = (
				4C8840E477888CCCA136AA0A /* [CP] Check Pods Manifest.lock */,
				5B9366972215D79B00539965 /* Sources */,
				5B9366982215D79B00539965 /* Frameworks */,
				5B9366992215D79B00539965 /* Resources */,
				5FA10263947B98B900777D9E /* [CP] Embed Pods Frameworks */,
			);
			buildRules = (
			);
			dependencies = (
			);
			name = player;
			productName = player;
			productReference = 5B93669B2215D79B00539965 /* player.app */;
			productType = "com.apple.product-type.application";
		};
		5B9366AE2215D79E00539965 /* playerTests */ = {
			isa = PBXNativeTarget;
			buildConfigurationList = 5B9366C62215D79E00539965 /* Build configuration list for PBXNativeTarget "playerTests" */;
			buildPhases = (
				B68418F58303EEC47FEB75ED /* [CP] Check Pods Manifest.lock */,
				5B9366AB2215D79E00539965 /* Sources */,
				5B9366AC2215D79E00539965 /* Frameworks */,
				5B9366AD2215D79E00539965 /* Resources */,
			);
			buildRules = (
			);
			dependencies = (
				5B9366B12215D79E00539965 /* PBXTargetDependency */,
			);
			name = playerTests;
			productName = playerTests;
			productReference = 5B9366AF2215D79E00539965 /* playerTests.xctest */;
			productType = "com.apple.product-type.bundle.unit-test";
		};
		5B9366B92215D79E00539965 /* playerUITests */ = {
			isa = PBXNativeTarget;
			buildConfigurationList = 5B9366C92215D79E00539965 /* Build configuration list for PBXNativeTarget "playerUITests" */;
			buildPhases = (
				D6B3E007FB625C73E79DF417 /* [CP] Check Pods Manifest.lock */,
				5B9366B62215D79E00539965 /* Sources */,
				5B9366B72215D79E00539965 /* Frameworks */,
				5B9366B82215D79E00539965 /* Resources */,
			);
			buildRules = (
			);
			dependencies = (
				5B9366BC2215D79E00539965 /* PBXTargetDependency */,
			);
			name = playerUITests;
			productName = playerUITests;
			productReference = 5B9366BA2215D79E00539965 /* playerUITests.xctest */;
			productType = "com.apple.product-type.bundle.ui-testing";
		};
/* End PBXNativeTarget section */

/* Begin PBXProject section */
		5B9366932215D79B00539965 /* Project object */ = {
			isa = PBXProject;
			attributes = {
				LastSwiftUpdateCheck = 1010;
				LastUpgradeCheck = 1010;
				ORGANIZATIONNAME = kbshko;
				TargetAttributes = {
					5B93669A2215D79B00539965 = {
						CreatedOnToolsVersion = 10.1;
						SystemCapabilities = {
							com.apple.BackgroundModes = {
								enabled = 1;
							};
						};
					};
					5B9366AE2215D79E00539965 = {
						CreatedOnToolsVersion = 10.1;
						TestTargetID = 5B93669A2215D79B00539965;
					};
					5B9366B92215D79E00539965 = {
						CreatedOnToolsVersion = 10.1;
						TestTargetID = 5B93669A2215D79B00539965;
					};
				};
			};
			buildConfigurationList = 5B9366962215D79B00539965 /* Build configuration list for PBXProject "player" */;
			compatibilityVersion = "Xcode 9.3";
			developmentRegion = en;
			hasScannedForEncodings = 0;
			knownRegions = (
				Base,
				ru,
			);
			mainGroup = 5B9366922215D79B00539965;
			productRefGroup = 5B93669C2215D79B00539965 /* Products */;
			projectDirPath = "";
			projectRoot = "";
			targets = (
				5B93669A2215D79B00539965 /* player */,
				5B9366AE2215D79E00539965 /* playerTests */,
				5B9366B92215D79E00539965 /* playerUITests */,
			);
		};
/* End PBXProject section */

/* Begin PBXResourcesBuildPhase section */
		5B9366992215D79B00539965 /* Resources */ = {
			isa = PBXResourcesBuildPhase;
			buildActionMask = 2147483647;
			files = (
				5B1781322218911B000758E4 /* Localizable.strings in Resources */,
				5B17814122189DE1000758E4 /* VideoViewController.xib in Resources */,
				5B9366A92215D79E00539965 /* LaunchScreen.storyboard in Resources */,
				5B17813D22189831000758E4 /* AudioViewController.xib in Resources */,
				5B04D993221C979F00EE073C /* VideoItemTableViewCell.xib in Resources */,
				5BFEE685221D14A800E00809 /* YoutubePlayerViewController.xib in Resources */,
				5B9366A62215D79E00539965 /* Assets.xcassets in Resources */,
				5B9366A42215D79B00539965 /* Main.storyboard in Resources */,
				5B1781462218A3E4000758E4 /* AudioItemTableViewCell.xib in Resources */,
			);
			runOnlyForDeploymentPostprocessing = 0;
		};
		5B9366AD2215D79E00539965 /* Resources */ = {
			isa = PBXResourcesBuildPhase;
			buildActionMask = 2147483647;
			files = (
			);
			runOnlyForDeploymentPostprocessing = 0;
		};
		5B9366B82215D79E00539965 /* Resources */ = {
			isa = PBXResourcesBuildPhase;
			buildActionMask = 2147483647;
			files = (
			);
			runOnlyForDeploymentPostprocessing = 0;
		};
/* End PBXResourcesBuildPhase section */

/* Begin PBXShellScriptBuildPhase section */
		4C8840E477888CCCA136AA0A /* [CP] Check Pods Manifest.lock */ = {
			isa = PBXShellScriptBuildPhase;
			buildActionMask = 2147483647;
			files = (
			);
			inputFileListPaths = (
			);
			inputPaths = (
				"${PODS_PODFILE_DIR_PATH}/Podfile.lock",
				"${PODS_ROOT}/Manifest.lock",
			);
			name = "[CP] Check Pods Manifest.lock";
			outputFileListPaths = (
			);
			outputPaths = (
				"$(DERIVED_FILE_DIR)/Pods-player-checkManifestLockResult.txt",
			);
			runOnlyForDeploymentPostprocessing = 0;
			shellPath = /bin/sh;
			shellScript = "diff \"${PODS_PODFILE_DIR_PATH}/Podfile.lock\" \"${PODS_ROOT}/Manifest.lock\" > /dev/null\nif [ $? != 0 ] ; then\n    # print error to STDERR\n    echo \"error: The sandbox is not in sync with the Podfile.lock. Run 'pod install' or update your CocoaPods installation.\" >&2\n    exit 1\nfi\n# This output is used by Xcode 'outputs' to avoid re-running this script phase.\necho \"SUCCESS\" > \"${SCRIPT_OUTPUT_FILE_0}\"\n";
			showEnvVarsInLog = 0;
		};
		5FA10263947B98B900777D9E /* [CP] Embed Pods Frameworks */ = {
			isa = PBXShellScriptBuildPhase;
			buildActionMask = 2147483647;
			files = (
			);
			inputFileListPaths = (
			);
			inputPaths = (
				"${SRCROOT}/Pods/Target Support Files/Pods-player/Pods-player-frameworks.sh",
				"${BUILT_PRODUCTS_DIR}/Differentiator/Differentiator.framework",
				"${BUILT_PRODUCTS_DIR}/RxAtomic/RxAtomic.framework",
				"${BUILT_PRODUCTS_DIR}/RxCocoa/RxCocoa.framework",
				"${BUILT_PRODUCTS_DIR}/RxDataSources/RxDataSources.framework",
				"${BUILT_PRODUCTS_DIR}/RxSwift/RxSwift.framework",
				"${BUILT_PRODUCTS_DIR}/SDWebImage/SDWebImage.framework",
				"${BUILT_PRODUCTS_DIR}/XCDYouTubeKit/XCDYouTubeKit.framework",
			);
			name = "[CP] Embed Pods Frameworks";
			outputFileListPaths = (
			);
			outputPaths = (
				"${TARGET_BUILD_DIR}/${FRAMEWORKS_FOLDER_PATH}/Differentiator.framework",
				"${TARGET_BUILD_DIR}/${FRAMEWORKS_FOLDER_PATH}/RxAtomic.framework",
				"${TARGET_BUILD_DIR}/${FRAMEWORKS_FOLDER_PATH}/RxCocoa.framework",
				"${TARGET_BUILD_DIR}/${FRAMEWORKS_FOLDER_PATH}/RxDataSources.framework",
				"${TARGET_BUILD_DIR}/${FRAMEWORKS_FOLDER_PATH}/RxSwift.framework",
				"${TARGET_BUILD_DIR}/${FRAMEWORKS_FOLDER_PATH}/SDWebImage.framework",
				"${TARGET_BUILD_DIR}/${FRAMEWORKS_FOLDER_PATH}/XCDYouTubeKit.framework",
			);
			runOnlyForDeploymentPostprocessing = 0;
			shellPath = /bin/sh;
			shellScript = "\"${SRCROOT}/Pods/Target Support Files/Pods-player/Pods-player-frameworks.sh\"\n";
			showEnvVarsInLog = 0;
		};
		B68418F58303EEC47FEB75ED /* [CP] Check Pods Manifest.lock */ = {
			isa = PBXShellScriptBuildPhase;
			buildActionMask = 2147483647;
			files = (
			);
			inputFileListPaths = (
			);
			inputPaths = (
				"${PODS_PODFILE_DIR_PATH}/Podfile.lock",
				"${PODS_ROOT}/Manifest.lock",
			);
			name = "[CP] Check Pods Manifest.lock";
			outputFileListPaths = (
			);
			outputPaths = (
				"$(DERIVED_FILE_DIR)/Pods-playerTests-checkManifestLockResult.txt",
			);
			runOnlyForDeploymentPostprocessing = 0;
			shellPath = /bin/sh;
			shellScript = "diff \"${PODS_PODFILE_DIR_PATH}/Podfile.lock\" \"${PODS_ROOT}/Manifest.lock\" > /dev/null\nif [ $? != 0 ] ; then\n    # print error to STDERR\n    echo \"error: The sandbox is not in sync with the Podfile.lock. Run 'pod install' or update your CocoaPods installation.\" >&2\n    exit 1\nfi\n# This output is used by Xcode 'outputs' to avoid re-running this script phase.\necho \"SUCCESS\" > \"${SCRIPT_OUTPUT_FILE_0}\"\n";
			showEnvVarsInLog = 0;
		};
		D6B3E007FB625C73E79DF417 /* [CP] Check Pods Manifest.lock */ = {
			isa = PBXShellScriptBuildPhase;
			buildActionMask = 2147483647;
			files = (
			);
			inputFileListPaths = (
			);
			inputPaths = (
				"${PODS_PODFILE_DIR_PATH}/Podfile.lock",
				"${PODS_ROOT}/Manifest.lock",
			);
			name = "[CP] Check Pods Manifest.lock";
			outputFileListPaths = (
			);
			outputPaths = (
				"$(DERIVED_FILE_DIR)/Pods-playerUITests-checkManifestLockResult.txt",
			);
			runOnlyForDeploymentPostprocessing = 0;
			shellPath = /bin/sh;
			shellScript = "diff \"${PODS_PODFILE_DIR_PATH}/Podfile.lock\" \"${PODS_ROOT}/Manifest.lock\" > /dev/null\nif [ $? != 0 ] ; then\n    # print error to STDERR\n    echo \"error: The sandbox is not in sync with the Podfile.lock. Run 'pod install' or update your CocoaPods installation.\" >&2\n    exit 1\nfi\n# This output is used by Xcode 'outputs' to avoid re-running this script phase.\necho \"SUCCESS\" > \"${SCRIPT_OUTPUT_FILE_0}\"\n";
			showEnvVarsInLog = 0;
		};
/* End PBXShellScriptBuildPhase section */

/* Begin PBXSourcesBuildPhase section */
		5B9366972215D79B00539965 /* Sources */ = {
			isa = PBXSourcesBuildPhase;
			buildActionMask = 2147483647;
			files = (
				5B9366A12215D79B00539965 /* ViewController.swift in Sources */,
				5B075A632221E72000261961 /* YoutubeNetworkMapper.swift in Sources */,
				5B93669F2215D79B00539965 /* AppDelegate.swift in Sources */,
				5BFE6CC0222C4E83008656F1 /* YoutubeVideoProviderProtocol.swift in Sources */,
				5B04D998221CA44400EE073C /* YoutubePlayerViewController.swift in Sources */,
				5BFE6CBE222C4C91008656F1 /* YoutubeVideoProvider.swift in Sources */,
				5B071A5922205EBD00BA7FA7 /* JSONYoutubeVideoList.swift in Sources */,
				5B075A5F2221E5F200261961 /* VideoListDataProviderProtocol.swift in Sources */,
				5B075A5B2221E5BB00261961 /* YoutubeApiProtocol.swift in Sources */,
				5BFE4DFD2222A9DF00F7157C /* VideoListViewModelMapperProtocol.swift in Sources */,
				5BFE4DFB2222A9CF00F7157C /* VideoListViewModelMapper.swift in Sources */,
				5BFE4DF72222A8CA00F7157C /* VideoItemViewModel.swift in Sources */,
				5B0311EC221F3246003A949A /* JSONYoutubeVideoItem.swift in Sources */,
				5B0689952223199E00A48A79 /* AudioListViewModel.swift in Sources */,
				5B068997222333CB00A48A79 /* AudioItemViewModel.swift in Sources */,
				5B075A6D2221EE5F00261961 /* RadioStreamsProviderProtocol.swift in Sources */,
				5B06899F2223357500A48A79 /* AudioListViewModelMapperProtocol.swift in Sources */,
				5B17813B22189399000758E4 /* VideoViewController.swift in Sources */,
				5B06899D2223356A00A48A79 /* AudioListViewModelMapper.swift in Sources */,
				5B04D992221C979F00EE073C /* VideoItemTableViewCell.swift in Sources */,
				5B075A5D2221E5E200261961 /* VideoListDataProvider.swift in Sources */,
				5B075A6B2221EE5200261961 /* RadioStreamsProvider.swift in Sources */,
				5B1781442218A3CB000758E4 /* AudioItemTableViewCell.swift in Sources */,
				5B047239221DF6970054F43A /* YoutubeApi.swift in Sources */,
				5BFE03EA2219A0C20009F0C8 /* StreamPlayer.swift in Sources */,
				5B075A682221EC0900261961 /* DIResolver.swift in Sources */,
				5BFE4DFF2222BF8000F7157C /* BaseViewController.swift in Sources */,
				5B075A6F2221EEE600261961 /* VideoListViewModel.swift in Sources */,
				5B075A652221E7E800261961 /* YoutubeNetworkMapperProtocol.swift in Sources */,
				5B156CEA222B2DDD00B61817 /* YoutubeViewModel.swift in Sources */,
				5B06899A2223349300A48A79 /* RadioStreamModel.swift in Sources */,
				5B17813922189382000758E4 /* AudioViewController.swift in Sources */,
				5B04D995221C9BDB00EE073C /* ModelYoutubeVideoInfo.swift in Sources */,
			);
			runOnlyForDeploymentPostprocessing = 0;
		};
		5B9366AB2215D79E00539965 /* Sources */ = {
			isa = PBXSourcesBuildPhase;
			buildActionMask = 2147483647;
			files = (
				5B9366B42215D79E00539965 /* playerTests.swift in Sources */,
			);
			runOnlyForDeploymentPostprocessing = 0;
		};
		5B9366B62215D79E00539965 /* Sources */ = {
			isa = PBXSourcesBuildPhase;
			buildActionMask = 2147483647;
			files = (
				5B9366BF2215D79E00539965 /* playerUITests.swift in Sources */,
			);
			runOnlyForDeploymentPostprocessing = 0;
		};
/* End PBXSourcesBuildPhase section */

/* Begin PBXTargetDependency section */
		5B9366B12215D79E00539965 /* PBXTargetDependency */ = {
			isa = PBXTargetDependency;
			target = 5B93669A2215D79B00539965 /* player */;
			targetProxy = 5B9366B02215D79E00539965 /* PBXContainerItemProxy */;
		};
		5B9366BC2215D79E00539965 /* PBXTargetDependency */ = {
			isa = PBXTargetDependency;
			target = 5B93669A2215D79B00539965 /* player */;
			targetProxy = 5B9366BB2215D79E00539965 /* PBXContainerItemProxy */;
		};
/* End PBXTargetDependency section */

/* Begin PBXVariantGroup section */
		5B1781342218911B000758E4 /* Localizable.strings */ = {
			isa = PBXVariantGroup;
			children = (
				5B1781372218915C000758E4 /* ru */,
				5BA9C1C9222725D600442B96 /* Base */,
			);
			name = Localizable.strings;
			sourceTree = "<group>";
		};
		5B9366A22215D79B00539965 /* Main.storyboard */ = {
			isa = PBXVariantGroup;
			children = (
				5B9366A32215D79B00539965 /* Base */,
				5B1781352218915C000758E4 /* ru */,
			);
			name = Main.storyboard;
			sourceTree = "<group>";
		};
		5B9366A72215D79E00539965 /* LaunchScreen.storyboard */ = {
			isa = PBXVariantGroup;
			children = (
				5B9366A82215D79E00539965 /* Base */,
				5B1781362218915C000758E4 /* ru */,
			);
			name = LaunchScreen.storyboard;
			sourceTree = "<group>";
		};
/* End PBXVariantGroup section */

/* Begin XCBuildConfiguration section */
		5B9366C12215D79E00539965 /* Debug */ = {
			isa = XCBuildConfiguration;
			buildSettings = {
				ALWAYS_SEARCH_USER_PATHS = NO;
				CLANG_ANALYZER_LOCALIZABILITY_NONLOCALIZED = YES;
				CLANG_ANALYZER_NONNULL = YES;
				CLANG_ANALYZER_NUMBER_OBJECT_CONVERSION = YES_AGGRESSIVE;
				CLANG_CXX_LANGUAGE_STANDARD = "gnu++14";
				CLANG_CXX_LIBRARY = "libc++";
				CLANG_ENABLE_MODULES = YES;
				CLANG_ENABLE_OBJC_ARC = YES;
				CLANG_ENABLE_OBJC_WEAK = YES;
				CLANG_WARN_BLOCK_CAPTURE_AUTORELEASING = YES;
				CLANG_WARN_BOOL_CONVERSION = YES;
				CLANG_WARN_COMMA = YES;
				CLANG_WARN_CONSTANT_CONVERSION = YES;
				CLANG_WARN_DEPRECATED_OBJC_IMPLEMENTATIONS = YES;
				CLANG_WARN_DIRECT_OBJC_ISA_USAGE = YES_ERROR;
				CLANG_WARN_DOCUMENTATION_COMMENTS = YES;
				CLANG_WARN_EMPTY_BODY = YES;
				CLANG_WARN_ENUM_CONVERSION = YES;
				CLANG_WARN_INFINITE_RECURSION = YES;
				CLANG_WARN_INT_CONVERSION = YES;
				CLANG_WARN_NON_LITERAL_NULL_CONVERSION = YES;
				CLANG_WARN_OBJC_IMPLICIT_RETAIN_SELF = YES;
				CLANG_WARN_OBJC_LITERAL_CONVERSION = YES;
				CLANG_WARN_OBJC_ROOT_CLASS = YES_ERROR;
				CLANG_WARN_RANGE_LOOP_ANALYSIS = YES;
				CLANG_WARN_STRICT_PROTOTYPES = YES;
				CLANG_WARN_SUSPICIOUS_MOVE = YES;
				CLANG_WARN_UNGUARDED_AVAILABILITY = YES_AGGRESSIVE;
				CLANG_WARN_UNREACHABLE_CODE = YES;
				CLANG_WARN__DUPLICATE_METHOD_MATCH = YES;
				CODE_SIGN_IDENTITY = "iPhone Developer";
				COPY_PHASE_STRIP = NO;
				DEBUG_INFORMATION_FORMAT = dwarf;
				ENABLE_STRICT_OBJC_MSGSEND = YES;
				ENABLE_TESTABILITY = YES;
				GCC_C_LANGUAGE_STANDARD = gnu11;
				GCC_DYNAMIC_NO_PIC = NO;
				GCC_NO_COMMON_BLOCKS = YES;
				GCC_OPTIMIZATION_LEVEL = 0;
				GCC_PREPROCESSOR_DEFINITIONS = (
					"DEBUG=1",
					"$(inherited)",
				);
				GCC_WARN_64_TO_32_BIT_CONVERSION = YES;
				GCC_WARN_ABOUT_RETURN_TYPE = YES_ERROR;
				GCC_WARN_UNDECLARED_SELECTOR = YES;
				GCC_WARN_UNINITIALIZED_AUTOS = YES_AGGRESSIVE;
				GCC_WARN_UNUSED_FUNCTION = YES;
				GCC_WARN_UNUSED_VARIABLE = YES;
				IPHONEOS_DEPLOYMENT_TARGET = 10.0;
				MTL_ENABLE_DEBUG_INFO = INCLUDE_SOURCE;
				MTL_FAST_MATH = YES;
				ONLY_ACTIVE_ARCH = YES;
				SDKROOT = iphoneos;
				SWIFT_ACTIVE_COMPILATION_CONDITIONS = DEBUG;
				SWIFT_OPTIMIZATION_LEVEL = "-Onone";
			};
			name = Debug;
		};
		5B9366C22215D79E00539965 /* Release */ = {
			isa = XCBuildConfiguration;
			buildSettings = {
				ALWAYS_SEARCH_USER_PATHS = NO;
				CLANG_ANALYZER_LOCALIZABILITY_NONLOCALIZED = YES;
				CLANG_ANALYZER_NONNULL = YES;
				CLANG_ANALYZER_NUMBER_OBJECT_CONVERSION = YES_AGGRESSIVE;
				CLANG_CXX_LANGUAGE_STANDARD = "gnu++14";
				CLANG_CXX_LIBRARY = "libc++";
				CLANG_ENABLE_MODULES = YES;
				CLANG_ENABLE_OBJC_ARC = YES;
				CLANG_ENABLE_OBJC_WEAK = YES;
				CLANG_WARN_BLOCK_CAPTURE_AUTORELEASING = YES;
				CLANG_WARN_BOOL_CONVERSION = YES;
				CLANG_WARN_COMMA = YES;
				CLANG_WARN_CONSTANT_CONVERSION = YES;
				CLANG_WARN_DEPRECATED_OBJC_IMPLEMENTATIONS = YES;
				CLANG_WARN_DIRECT_OBJC_ISA_USAGE = YES_ERROR;
				CLANG_WARN_DOCUMENTATION_COMMENTS = YES;
				CLANG_WARN_EMPTY_BODY = YES;
				CLANG_WARN_ENUM_CONVERSION = YES;
				CLANG_WARN_INFINITE_RECURSION = YES;
				CLANG_WARN_INT_CONVERSION = YES;
				CLANG_WARN_NON_LITERAL_NULL_CONVERSION = YES;
				CLANG_WARN_OBJC_IMPLICIT_RETAIN_SELF = YES;
				CLANG_WARN_OBJC_LITERAL_CONVERSION = YES;
				CLANG_WARN_OBJC_ROOT_CLASS = YES_ERROR;
				CLANG_WARN_RANGE_LOOP_ANALYSIS = YES;
				CLANG_WARN_STRICT_PROTOTYPES = YES;
				CLANG_WARN_SUSPICIOUS_MOVE = YES;
				CLANG_WARN_UNGUARDED_AVAILABILITY = YES_AGGRESSIVE;
				CLANG_WARN_UNREACHABLE_CODE = YES;
				CLANG_WARN__DUPLICATE_METHOD_MATCH = YES;
				CODE_SIGN_IDENTITY = "iPhone Developer";
				COPY_PHASE_STRIP = NO;
				DEBUG_INFORMATION_FORMAT = "dwarf-with-dsym";
				ENABLE_NS_ASSERTIONS = NO;
				ENABLE_STRICT_OBJC_MSGSEND = YES;
				GCC_C_LANGUAGE_STANDARD = gnu11;
				GCC_NO_COMMON_BLOCKS = YES;
				GCC_WARN_64_TO_32_BIT_CONVERSION = YES;
				GCC_WARN_ABOUT_RETURN_TYPE = YES_ERROR;
				GCC_WARN_UNDECLARED_SELECTOR = YES;
				GCC_WARN_UNINITIALIZED_AUTOS = YES_AGGRESSIVE;
				GCC_WARN_UNUSED_FUNCTION = YES;
				GCC_WARN_UNUSED_VARIABLE = YES;
				IPHONEOS_DEPLOYMENT_TARGET = 10.0;
				MTL_ENABLE_DEBUG_INFO = NO;
				MTL_FAST_MATH = YES;
				SDKROOT = iphoneos;
				SWIFT_COMPILATION_MODE = wholemodule;
				SWIFT_OPTIMIZATION_LEVEL = "-O";
				VALIDATE_PRODUCT = YES;
			};
			name = Release;
		};
		5B9366C42215D79E00539965 /* Debug */ = {
			isa = XCBuildConfiguration;
			baseConfigurationReference = E0B42F52D51548CCD83C51A3 /* Pods-player.debug.xcconfig */;
			buildSettings = {
				ASSETCATALOG_COMPILER_APPICON_NAME = AppIcon;
				CODE_SIGN_STYLE = Automatic;
				DEVELOPMENT_TEAM = 68W29BK72R;
				INFOPLIST_FILE = player/Info.plist;
				IPHONEOS_DEPLOYMENT_TARGET = 10.0;
				LD_RUNPATH_SEARCH_PATHS = (
					"$(inherited)",
					"@executable_path/Frameworks",
				);
				PRODUCT_BUNDLE_IDENTIFIER = ru.kbshko.test;
				PRODUCT_NAME = "$(TARGET_NAME)";
				SWIFT_VERSION = 4.2;
				TARGETED_DEVICE_FAMILY = "1,2";
			};
			name = Debug;
		};
		5B9366C52215D79E00539965 /* Release */ = {
			isa = XCBuildConfiguration;
			baseConfigurationReference = A67C5B3C387F30984148935E /* Pods-player.release.xcconfig */;
			buildSettings = {
				ASSETCATALOG_COMPILER_APPICON_NAME = AppIcon;
				CODE_SIGN_STYLE = Automatic;
				DEVELOPMENT_TEAM = 68W29BK72R;
				INFOPLIST_FILE = player/Info.plist;
				IPHONEOS_DEPLOYMENT_TARGET = 10.0;
				LD_RUNPATH_SEARCH_PATHS = (
					"$(inherited)",
					"@executable_path/Frameworks",
				);
				PRODUCT_BUNDLE_IDENTIFIER = ru.kbshko.test;
				PRODUCT_NAME = "$(TARGET_NAME)";
				SWIFT_VERSION = 4.2;
				TARGETED_DEVICE_FAMILY = "1,2";
			};
			name = Release;
		};
		5B9366C72215D79E00539965 /* Debug */ = {
			isa = XCBuildConfiguration;
			baseConfigurationReference = 4F8A2F5727AA9955A3215C51 /* Pods-playerTests.debug.xcconfig */;
			buildSettings = {
				ALWAYS_EMBED_SWIFT_STANDARD_LIBRARIES = YES;
				BUNDLE_LOADER = "$(TEST_HOST)";
				CODE_SIGN_STYLE = Automatic;
				DEVELOPMENT_TEAM = 68W29BK72R;
				INFOPLIST_FILE = playerTests/Info.plist;
				LD_RUNPATH_SEARCH_PATHS = (
					"$(inherited)",
					"@executable_path/Frameworks",
					"@loader_path/Frameworks",
				);
				PRODUCT_BUNDLE_IDENTIFIER = ru.kbshko.playerTests;
				PRODUCT_NAME = "$(TARGET_NAME)";
				SWIFT_VERSION = 4.2;
				TARGETED_DEVICE_FAMILY = "1,2";
				TEST_HOST = "$(BUILT_PRODUCTS_DIR)/player.app/player";
			};
			name = Debug;
		};
		5B9366C82215D79E00539965 /* Release */ = {
			isa = XCBuildConfiguration;
			baseConfigurationReference = 3985A28A8F54C6CFBF289FBB /* Pods-playerTests.release.xcconfig */;
			buildSettings = {
				ALWAYS_EMBED_SWIFT_STANDARD_LIBRARIES = YES;
				BUNDLE_LOADER = "$(TEST_HOST)";
				CODE_SIGN_STYLE = Automatic;
				DEVELOPMENT_TEAM = 68W29BK72R;
				INFOPLIST_FILE = playerTests/Info.plist;
				LD_RUNPATH_SEARCH_PATHS = (
					"$(inherited)",
					"@executable_path/Frameworks",
					"@loader_path/Frameworks",
				);
				PRODUCT_BUNDLE_IDENTIFIER = ru.kbshko.playerTests;
				PRODUCT_NAME = "$(TARGET_NAME)";
				SWIFT_VERSION = 4.2;
				TARGETED_DEVICE_FAMILY = "1,2";
				TEST_HOST = "$(BUILT_PRODUCTS_DIR)/player.app/player";
			};
			name = Release;
		};
		5B9366CA2215D79E00539965 /* Debug */ = {
			isa = XCBuildConfiguration;
			baseConfigurationReference = 8F96E7E937864C1154E1C6B6 /* Pods-playerUITests.debug.xcconfig */;
			buildSettings = {
				ALWAYS_EMBED_SWIFT_STANDARD_LIBRARIES = YES;
				CODE_SIGN_STYLE = Automatic;
				DEVELOPMENT_TEAM = 68W29BK72R;
				INFOPLIST_FILE = playerUITests/Info.plist;
				LD_RUNPATH_SEARCH_PATHS = (
					"$(inherited)",
					"@executable_path/Frameworks",
					"@loader_path/Frameworks",
				);
				PRODUCT_BUNDLE_IDENTIFIER = ru.kbshko.playerUITests;
				PRODUCT_NAME = "$(TARGET_NAME)";
				SWIFT_VERSION = 4.2;
				TARGETED_DEVICE_FAMILY = "1,2";
				TEST_TARGET_NAME = player;
			};
			name = Debug;
		};
		5B9366CB2215D79E00539965 /* Release */ = {
			isa = XCBuildConfiguration;
			baseConfigurationReference = 85304F0F137AC68AD4E6564E /* Pods-playerUITests.release.xcconfig */;
			buildSettings = {
				ALWAYS_EMBED_SWIFT_STANDARD_LIBRARIES = YES;
				CODE_SIGN_STYLE = Automatic;
				DEVELOPMENT_TEAM = 68W29BK72R;
				INFOPLIST_FILE = playerUITests/Info.plist;
				LD_RUNPATH_SEARCH_PATHS = (
					"$(inherited)",
					"@executable_path/Frameworks",
					"@loader_path/Frameworks",
				);
				PRODUCT_BUNDLE_IDENTIFIER = ru.kbshko.playerUITests;
				PRODUCT_NAME = "$(TARGET_NAME)";
				SWIFT_VERSION = 4.2;
				TARGETED_DEVICE_FAMILY = "1,2";
				TEST_TARGET_NAME = player;
			};
			name = Release;
		};
/* End XCBuildConfiguration section */

/* Begin XCConfigurationList section */
		5B9366962215D79B00539965 /* Build configuration list for PBXProject "player" */ = {
			isa = XCConfigurationList;
			buildConfigurations = (
				5B9366C12215D79E00539965 /* Debug */,
				5B9366C22215D79E00539965 /* Release */,
			);
			defaultConfigurationIsVisible = 0;
			defaultConfigurationName = Release;
		};
		5B9366C32215D79E00539965 /* Build configuration list for PBXNativeTarget "player" */ = {
			isa = XCConfigurationList;
			buildConfigurations = (
				5B9366C42215D79E00539965 /* Debug */,
				5B9366C52215D79E00539965 /* Release */,
			);
			defaultConfigurationIsVisible = 0;
			defaultConfigurationName = Release;
		};
		5B9366C62215D79E00539965 /* Build configuration list for PBXNativeTarget "playerTests" */ = {
			isa = XCConfigurationList;
			buildConfigurations = (
				5B9366C72215D79E00539965 /* Debug */,
				5B9366C82215D79E00539965 /* Release */,
			);
			defaultConfigurationIsVisible = 0;
			defaultConfigurationName = Release;
		};
		5B9366C92215D79E00539965 /* Build configuration list for PBXNativeTarget "playerUITests" */ = {
			isa = XCConfigurationList;
			buildConfigurations = (
				5B9366CA2215D79E00539965 /* Debug */,
				5B9366CB2215D79E00539965 /* Release */,
			);
			defaultConfigurationIsVisible = 0;
			defaultConfigurationName = Release;
		};
/* End XCConfigurationList section */
	};
	rootObject = 5B9366932215D79B00539965 /* Project object */;
}
